
Microsoft Visual Studio Solution File, Format Version 12.00
# Visual Studio Version 17
VisualStudioVersion = 17.13.35828.75
MinimumVisualStudioVersion = 10.0.40219.1
Project("{9A19103F-16F7-4668-BE54-9A1E7A4F7556}") = "FoxholeIntelboard", "FoxholeIntelboard\FoxholeIntelboard.csproj", "{159E925A-0B0F-DE0A-E3E3-E6A6429A4F11}"
	ProjectSection(ProjectDependencies) = postProject
		{DA29D7AA-E2B9-4811-9DC8-B19609EA01B1} = {DA29D7AA-E2B9-4811-9DC8-B19609EA01B1}
	EndProjectSection
EndProject
Project("{9A19103F-16F7-4668-BE54-9A1E7A4F7556}") = "IntelboardAPI", "IntelboardAPI\IntelboardAPI.csproj", "{DA29D7AA-E2B9-4811-9DC8-B19609EA01B1}"
EndProject
Project("{9A19103F-16F7-4668-BE54-9A1E7A4F7556}") = "IntelboardTests", "IntelboardTests\IntelboardTests.csproj", "{3B07E2C3-3C15-420E-BCA9-7AE02AD7C33A}"
EndProject
Project("{9A19103F-16F7-4668-BE54-9A1E7A4F7556}") = "IntelboardCore", "IntelboardCore\IntelboardCore.csproj", "{D2F6FEA9-6FAB-4BA8-8EA8-F7BEB6683004}"
EndProject
Global
	GlobalSection(SolutionConfigurationPlatforms) = preSolution
		Debug|Any CPU = Debug|Any CPU
		Release|Any CPU = Release|Any CPU
	EndGlobalSection
	GlobalSection(ProjectConfigurationPlatforms) = postSolution
		{159E925A-0B0F-DE0A-E3E3-E6A6429A4F11}.Debug|Any CPU.ActiveCfg = Debug|Any CPU
		{159E925A-0B0F-DE0A-E3E3-E6A6429A4F11}.Debug|Any CPU.Build.0 = Debug|Any CPU
		{159E925A-0B0F-DE0A-E3E3-E6A6429A4F11}.Release|Any CPU.ActiveCfg = Release|Any CPU
		{159E925A-0B0F-DE0A-E3E3-E6A6429A4F11}.Release|Any CPU.Build.0 = Release|Any CPU
		{DA29D7AA-E2B9-4811-9DC8-B19609EA01B1}.Debug|Any CPU.ActiveCfg = Debug|Any CPU
		{DA29D7AA-E2B9-4811-9DC8-B19609EA01B1}.Debug|Any CPU.Build.0 = Debug|Any CPU
		{DA29D7AA-E2B9-4811-9DC8-B19609EA01B1}.Release|Any CPU.ActiveCfg = Release|Any CPU
		{DA29D7AA-E2B9-4811-9DC8-B19609EA01B1}.Release|Any CPU.Build.0 = Release|Any CPU
		{3B07E2C3-3C15-420E-BCA9-7AE02AD7C33A}.Debug|Any CPU.ActiveCfg = Debug|Any CPU
		{3B07E2C3-3C15-420E-BCA9-7AE02AD7C33A}.Debug|Any CPU.Build.0 = Debug|Any CPU
		{3B07E2C3-3C15-420E-BCA9-7AE02AD7C33A}.Release|Any CPU.ActiveCfg = Release|Any CPU
		{3B07E2C3-3C15-420E-BCA9-7AE02AD7C33A}.Release|Any CPU.Build.0 = Release|Any CPU
		{D2F6FEA9-6FAB-4BA8-8EA8-F7BEB6683004}.Debug|Any CPU.ActiveCfg = Debug|Any CPU
		{D2F6FEA9-6FAB-4BA8-8EA8-F7BEB6683004}.Debug|Any CPU.Build.0 = Debug|Any CPU
		{D2F6FEA9-6FAB-4BA8-8EA8-F7BEB6683004}.Release|Any CPU.ActiveCfg = Release|Any CPU
		{D2F6FEA9-6FAB-4BA8-8EA8-F7BEB6683004}.Release|Any CPU.Build.0 = Release|Any CPU
	EndGlobalSection
	GlobalSection(SolutionProperties) = preSolution
		HideSolutionNode = FALSE
	EndGlobalSection
	GlobalSection(ExtensibilityGlobals) = postSolution
		SolutionGuid = {31136788-BA7E-42B9-82FA-AB608B16F6F4}
	EndGlobalSection
EndGlobal
