
Microsoft Visual Studio Solution File, Format Version 12.00
# Visual Studio Version 17
VisualStudioVersion = 17.13.35931.197 d17.13
MinimumVisualStudioVersion = 10.0.40219.1
Project("{FAE04EC0-301F-11D3-BF4B-00C04F79EFBC}") = "IntelboardAPI", "IntelboardAPI\IntelboardAPI.csproj", "{65BD083F-365D-40E8-AC9D-E6B7639DDC19}"
EndProject
Global
	GlobalSection(SolutionConfigurationPlatforms) = preSolution
		Debug|Any CPU = Debug|Any CPU
		Release|Any CPU = Release|Any CPU
	EndGlobalSection
	GlobalSection(ProjectConfigurationPlatforms) = postSolution
		{65BD083F-365D-40E8-AC9D-E6B7639DDC19}.Debug|Any CPU.ActiveCfg = Debug|Any CPU
		{65BD083F-365D-40E8-AC9D-E6B7639DDC19}.Debug|Any CPU.Build.0 = Debug|Any CPU
		{65BD083F-365D-40E8-AC9D-E6B7639DDC19}.Release|Any CPU.ActiveCfg = Release|Any CPU
		{65BD083F-365D-40E8-AC9D-E6B7639DDC19}.Release|Any CPU.Build.0 = Release|Any CPU
	EndGlobalSection
	GlobalSection(SolutionProperties) = preSolution
		HideSolutionNode = FALSE
	EndGlobalSection
	GlobalSection(ExtensibilityGlobals) = postSolution
		SolutionGuid = {B9599BDC-9AB5-41FA-A4FC-EEBAC1910E6C}
	EndGlobalSection
EndGlobal
